Microsoft Visual Studio Solution File, Format Version 12.00
# Visual Studio 15
VisualStudioVersion = 15.0.27130.2027
MinimumVisualStudioVersion = 10.0.40219.1
Project("{F184B08F-C81C-45F6-A57F-5ABD9991F28F}") = "Urban Blight", "Urban Blight.vbproj", "{285F92A5-48F8-42B6-A9BF-54DEF5654485}"
EndProject
Global
	GlobalSection(SolutionConfigurationPlatforms) = preSolution
		Debug|Any CPU = Debug|Any CPU
		Release|Any CPU = Release|Any CPU
	EndGlobalSection
	GlobalSection(ProjectConfigurationPlatforms) = postSolution
		{285F92A5-48F8-42B6-A9BF-54DEF5654485}.Debug|Any CPU.ActiveCfg = Debug|Any CPU
		{285F92A5-48F8-42B6-A9BF-54DEF5654485}.Debug|Any CPU.Build.0 = Debug|Any CPU
		{285F92A5-48F8-42B6-A9BF-54DEF5654485}.Release|Any CPU.ActiveCfg = Release|Any CPU
		{285F92A5-48F8-42B6-A9BF-54DEF5654485}.Release|Any CPU.Build.0 = Release|Any CPU
	EndGlobalSection
	GlobalSection(SolutionProperties) = preSolution
		HideSolutionNode = FALSE
	EndGlobalSection
	GlobalSection(ExtensibilityGlobals) = postSolution
		SolutionGuid = {EC5CD7F4-2A33-4FEF-AE41-4CB0D82E86A8}
	EndGlobalSection
EndGlobal
